
Microsoft Visual Studio Solution File, Format Version 12.00
# Visual Studio Version 17
VisualStudioVersion = 17.10.35013.160
MinimumVisualStudioVersion = 10.0.40219.1
Project("{FAE04EC0-301F-11D3-BF4B-00C04F79EFBC}") = "Patos", "Patos\Patos.csproj", "{44C235BC-CBD8-4D70-B508-758F9429CF27}"
EndProject
Global
	GlobalSection(SolutionConfigurationPlatforms) = preSolution
		Debug|Any CPU = Debug|Any CPU
		Release|Any CPU = Release|Any CPU
	EndGlobalSection
	GlobalSection(ProjectConfigurationPlatforms) = postSolution
		{44C235BC-CBD8-4D70-B508-758F9429CF27}.Debug|Any CPU.ActiveCfg = Debug|Any CPU
		{44C235BC-CBD8-4D70-B508-758F9429CF27}.Debug|Any CPU.Build.0 = Debug|Any CPU
		{44C235BC-CBD8-4D70-B508-758F9429CF27}.Release|Any CPU.ActiveCfg = Release|Any CPU
		{44C235BC-CBD8-4D70-B508-758F9429CF27}.Release|Any CPU.Build.0 = Release|Any CPU
	EndGlobalSection
	GlobalSection(SolutionProperties) = preSolution
		HideSolutionNode = FALSE
	EndGlobalSection
	GlobalSection(ExtensibilityGlobals) = postSolution
		SolutionGuid = {545B702C-E462-46A0-9662-BB1E371B31DA}
	EndGlobalSection
EndGlobal
